
Microsoft Visual Studio Solution File, Format Version 12.00
# Visual Studio Version 17
VisualStudioVersion = 17.11.35222.181
MinimumVisualStudioVersion = 10.0.40219.1
Project("{9A19103F-16F7-4668-BE54-9A1E7A4F7556}") = "mandelbrot-web-viewer", "mandelbrot-web-viewer\mandelbrot-web-viewer.csproj", "{BA46AB8C-9D07-4F56-8EC2-2D2804A6EBC2}"
EndProject
Project("{FAE04EC0-301F-11D3-BF4B-00C04F79EFBC}") = "tests", "tests\tests.csproj", "{87EF91F8-4363-4091-A6CB-9D65AE4A1914}"
EndProject
Project("{FAE04EC0-301F-11D3-BF4B-00C04F79EFBC}") = "render-logic", "render-logic\render-logic.csproj", "{43FAE374-EF05-4035-AF36-4E0F09FCFF76}"
EndProject
Global
	GlobalSection(SolutionConfigurationPlatforms) = preSolution
		Debug|Any CPU = Debug|Any CPU
		Release|Any CPU = Release|Any CPU
	EndGlobalSection
	GlobalSection(ProjectConfigurationPlatforms) = postSolution
		{BA46AB8C-9D07-4F56-8EC2-2D2804A6EBC2}.Debug|Any CPU.ActiveCfg = Debug|Any CPU
		{BA46AB8C-9D07-4F56-8EC2-2D2804A6EBC2}.Debug|Any CPU.Build.0 = Debug|Any CPU
		{BA46AB8C-9D07-4F56-8EC2-2D2804A6EBC2}.Release|Any CPU.ActiveCfg = Release|Any CPU
		{BA46AB8C-9D07-4F56-8EC2-2D2804A6EBC2}.Release|Any CPU.Build.0 = Release|Any CPU
		{87EF91F8-4363-4091-A6CB-9D65AE4A1914}.Debug|Any CPU.ActiveCfg = Debug|Any CPU
		{87EF91F8-4363-4091-A6CB-9D65AE4A1914}.Debug|Any CPU.Build.0 = Debug|Any CPU
		{87EF91F8-4363-4091-A6CB-9D65AE4A1914}.Release|Any CPU.ActiveCfg = Release|Any CPU
		{87EF91F8-4363-4091-A6CB-9D65AE4A1914}.Release|Any CPU.Build.0 = Release|Any CPU
		{43FAE374-EF05-4035-AF36-4E0F09FCFF76}.Debug|Any CPU.ActiveCfg = Debug|Any CPU
		{43FAE374-EF05-4035-AF36-4E0F09FCFF76}.Debug|Any CPU.Build.0 = Debug|Any CPU
		{43FAE374-EF05-4035-AF36-4E0F09FCFF76}.Release|Any CPU.ActiveCfg = Release|Any CPU
		{43FAE374-EF05-4035-AF36-4E0F09FCFF76}.Release|Any CPU.Build.0 = Release|Any CPU
	EndGlobalSection
	GlobalSection(SolutionProperties) = preSolution
		HideSolutionNode = FALSE
	EndGlobalSection
	GlobalSection(ExtensibilityGlobals) = postSolution
		SolutionGuid = {3A8CB1DF-D6FD-4921-8AF1-5FDC0380F1E2}
	EndGlobalSection
EndGlobal
